
Microsoft Visual Studio Solution File, Format Version 12.00
# Visual Studio 15
Project("{FAE04EC0-301F-11D3-BF4B-00C04F79EFBC}") = "CountriesApp.Common", "CountriesApp.Common\CountriesApp.Common.csproj", "{D2D53B0E-C59A-404D-913D-2542275575E1}"
EndProject
Project("{FAE04EC0-301F-11D3-BF4B-00C04F79EFBC}") = "CountriesApp.Prism.Android", "CountriesApp.Prism\CountriesApp.Prism.Android\CountriesApp.Prism.Android.csproj", "{95B2EE3C-4903-4FBA-958B-DD9EE76BB962}"
EndProject
Project("{FAE04EC0-301F-11D3-BF4B-00C04F79EFBC}") = "CountriesApp.Prism.iOS", "CountriesApp.Prism\CountriesApp.Prism.iOS\CountriesApp.Prism.iOS.csproj", "{27D6F935-8F99-48B7-B213-BC59DCCE074C}"
EndProject
Project("{FAE04EC0-301F-11D3-BF4B-00C04F79EFBC}") = "CountriesApp.Prism", "CountriesApp.Prism\CountriesApp.Prism\CountriesApp.Prism.csproj", "{722735DC-13E2-4673-B03E-FDB6C3BCAA51}"
EndProject
Global
	GlobalSection(SolutionConfigurationPlatforms) = preSolution
		Debug|Any CPU = Debug|Any CPU
		Release|Any CPU = Release|Any CPU
		Debug|iPhoneSimulator = Debug|iPhoneSimulator
		Release|iPhoneSimulator = Release|iPhoneSimulator
		Debug|iPhone = Debug|iPhone
		Release|iPhone = Release|iPhone
	EndGlobalSection
	GlobalSection(ProjectConfigurationPlatforms) = postSolution
		{D2D53B0E-C59A-404D-913D-2542275575E1}.Debug|Any CPU.ActiveCfg = Debug|Any CPU
		{D2D53B0E-C59A-404D-913D-2542275575E1}.Debug|Any CPU.Build.0 = Debug|Any CPU
		{D2D53B0E-C59A-404D-913D-2542275575E1}.Release|Any CPU.ActiveCfg = Release|Any CPU
		{D2D53B0E-C59A-404D-913D-2542275575E1}.Release|Any CPU.Build.0 = Release|Any CPU
		{D2D53B0E-C59A-404D-913D-2542275575E1}.Debug|iPhoneSimulator.ActiveCfg = Debug|Any CPU
		{D2D53B0E-C59A-404D-913D-2542275575E1}.Debug|iPhoneSimulator.Build.0 = Debug|Any CPU
		{D2D53B0E-C59A-404D-913D-2542275575E1}.Release|iPhoneSimulator.ActiveCfg = Release|Any CPU
		{D2D53B0E-C59A-404D-913D-2542275575E1}.Release|iPhoneSimulator.Build.0 = Release|Any CPU
		{D2D53B0E-C59A-404D-913D-2542275575E1}.Debug|iPhone.ActiveCfg = Debug|Any CPU
		{D2D53B0E-C59A-404D-913D-2542275575E1}.Debug|iPhone.Build.0 = Debug|Any CPU
		{D2D53B0E-C59A-404D-913D-2542275575E1}.Release|iPhone.ActiveCfg = Release|Any CPU
		{D2D53B0E-C59A-404D-913D-2542275575E1}.Release|iPhone.Build.0 = Release|Any CPU
		{95B2EE3C-4903-4FBA-958B-DD9EE76BB962}.Debug|Any CPU.ActiveCfg = Debug|Any CPU
		{95B2EE3C-4903-4FBA-958B-DD9EE76BB962}.Debug|Any CPU.Build.0 = Debug|Any CPU
		{95B2EE3C-4903-4FBA-958B-DD9EE76BB962}.Release|Any CPU.ActiveCfg = Release|Any CPU
		{95B2EE3C-4903-4FBA-958B-DD9EE76BB962}.Release|Any CPU.Build.0 = Release|Any CPU
		{95B2EE3C-4903-4FBA-958B-DD9EE76BB962}.Debug|iPhoneSimulator.ActiveCfg = Debug|Any CPU
		{95B2EE3C-4903-4FBA-958B-DD9EE76BB962}.Debug|iPhoneSimulator.Build.0 = Debug|Any CPU
		{95B2EE3C-4903-4FBA-958B-DD9EE76BB962}.Release|iPhoneSimulator.ActiveCfg = Release|Any CPU
		{95B2EE3C-4903-4FBA-958B-DD9EE76BB962}.Release|iPhoneSimulator.Build.0 = Release|Any CPU
		{95B2EE3C-4903-4FBA-958B-DD9EE76BB962}.Debug|iPhone.ActiveCfg = Debug|Any CPU
		{95B2EE3C-4903-4FBA-958B-DD9EE76BB962}.Debug|iPhone.Build.0 = Debug|Any CPU
		{95B2EE3C-4903-4FBA-958B-DD9EE76BB962}.Release|iPhone.ActiveCfg = Release|Any CPU
		{95B2EE3C-4903-4FBA-958B-DD9EE76BB962}.Release|iPhone.Build.0 = Release|Any CPU
		{27D6F935-8F99-48B7-B213-BC59DCCE074C}.Debug|Any CPU.ActiveCfg = Debug|iPhoneSimulator
		{27D6F935-8F99-48B7-B213-BC59DCCE074C}.Debug|Any CPU.Build.0 = Debug|iPhoneSimulator
		{27D6F935-8F99-48B7-B213-BC59DCCE074C}.Release|Any CPU.ActiveCfg = Release|iPhoneSimulator
		{27D6F935-8F99-48B7-B213-BC59DCCE074C}.Release|Any CPU.Build.0 = Release|iPhoneSimulator
		{27D6F935-8F99-48B7-B213-BC59DCCE074C}.Debug|iPhoneSimulator.ActiveCfg = Debug|iPhoneSimulator
		{27D6F935-8F99-48B7-B213-BC59DCCE074C}.Debug|iPhoneSimulator.Build.0 = Debug|iPhoneSimulator
		{27D6F935-8F99-48B7-B213-BC59DCCE074C}.Release|iPhoneSimulator.ActiveCfg = Release|iPhoneSimulator
		{27D6F935-8F99-48B7-B213-BC59DCCE074C}.Release|iPhoneSimulator.Build.0 = Release|iPhoneSimulator
		{27D6F935-8F99-48B7-B213-BC59DCCE074C}.Debug|iPhone.ActiveCfg = Debug|iPhone
		{27D6F935-8F99-48B7-B213-BC59DCCE074C}.Debug|iPhone.Build.0 = Debug|iPhone
		{27D6F935-8F99-48B7-B213-BC59DCCE074C}.Release|iPhone.ActiveCfg = Release|iPhone
		{27D6F935-8F99-48B7-B213-BC59DCCE074C}.Release|iPhone.Build.0 = Release|iPhone
		{722735DC-13E2-4673-B03E-FDB6C3BCAA51}.Debug|Any CPU.ActiveCfg = Debug|Any CPU
		{722735DC-13E2-4673-B03E-FDB6C3BCAA51}.Debug|Any CPU.Build.0 = Debug|Any CPU
		{722735DC-13E2-4673-B03E-FDB6C3BCAA51}.Release|Any CPU.ActiveCfg = Release|Any CPU
		{722735DC-13E2-4673-B03E-FDB6C3BCAA51}.Release|Any CPU.Build.0 = Release|Any CPU
		{722735DC-13E2-4673-B03E-FDB6C3BCAA51}.Debug|iPhoneSimulator.ActiveCfg = Debug|Any CPU
		{722735DC-13E2-4673-B03E-FDB6C3BCAA51}.Debug|iPhoneSimulator.Build.0 = Debug|Any CPU
		{722735DC-13E2-4673-B03E-FDB6C3BCAA51}.Release|iPhoneSimulator.ActiveCfg = Release|Any CPU
		{722735DC-13E2-4673-B03E-FDB6C3BCAA51}.Release|iPhoneSimulator.Build.0 = Release|Any CPU
		{722735DC-13E2-4673-B03E-FDB6C3BCAA51}.Debug|iPhone.ActiveCfg = Debug|Any CPU
		{722735DC-13E2-4673-B03E-FDB6C3BCAA51}.Debug|iPhone.Build.0 = Debug|Any CPU
		{722735DC-13E2-4673-B03E-FDB6C3BCAA51}.Release|iPhone.ActiveCfg = Release|Any CPU
		{722735DC-13E2-4673-B03E-FDB6C3BCAA51}.Release|iPhone.Build.0 = Release|Any CPU
	EndGlobalSection
EndGlobal
